
Microsoft Visual Studio Solution File, Format Version 12.00
# Visual Studio Version 17
VisualStudioVersion = 17.3.32825.248
MinimumVisualStudioVersion = 10.0.40219.1
Project("{FAE04EC0-301F-11D3-BF4B-00C04F79EFBC}") = "MindBoxTask", "MindBoxTest\MindBoxTask.csproj", "{391621E2-E754-4E8B-B818-AF0760A39559}"
EndProject
Project("{FAE04EC0-301F-11D3-BF4B-00C04F79EFBC}") = "LibTest", "LibTest\LibTest.csproj", "{6747E528-6FE4-4923-8205-18591EC172B1}"
EndProject
Global
	GlobalSection(SolutionConfigurationPlatforms) = preSolution
		Debug|Any CPU = Debug|Any CPU
		Release|Any CPU = Release|Any CPU
	EndGlobalSection
	GlobalSection(ProjectConfigurationPlatforms) = postSolution
		{391621E2-E754-4E8B-B818-AF0760A39559}.Debug|Any CPU.ActiveCfg = Debug|Any CPU
		{391621E2-E754-4E8B-B818-AF0760A39559}.Debug|Any CPU.Build.0 = Debug|Any CPU
		{391621E2-E754-4E8B-B818-AF0760A39559}.Release|Any CPU.ActiveCfg = Release|Any CPU
		{391621E2-E754-4E8B-B818-AF0760A39559}.Release|Any CPU.Build.0 = Release|Any CPU
		{6747E528-6FE4-4923-8205-18591EC172B1}.Debug|Any CPU.ActiveCfg = Debug|Any CPU
		{6747E528-6FE4-4923-8205-18591EC172B1}.Debug|Any CPU.Build.0 = Debug|Any CPU
		{6747E528-6FE4-4923-8205-18591EC172B1}.Release|Any CPU.ActiveCfg = Release|Any CPU
		{6747E528-6FE4-4923-8205-18591EC172B1}.Release|Any CPU.Build.0 = Release|Any CPU
	EndGlobalSection
	GlobalSection(SolutionProperties) = preSolution
		HideSolutionNode = FALSE
	EndGlobalSection
	GlobalSection(ExtensibilityGlobals) = postSolution
		SolutionGuid = {20F2C804-A595-4D82-A448-9A7451FF4D38}
	EndGlobalSection
EndGlobal
